
Microsoft Visual Studio Solution File, Format Version 12.00
# Visual Studio 14
VisualStudioVersion = 14.0.25420.1
MinimumVisualStudioVersion = 10.0.40219.1
Project("{FAE04EC0-301F-11D3-BF4B-00C04F79EFBC}") = "ts7.Server", "ts7.Server\ts7.Server.csproj", "{5AAAB955-9F77-4914-A654-C388EAC1035C}"
EndProject
Project("{FAE04EC0-301F-11D3-BF4B-00C04F79EFBC}") = "ts7.Client", "ts7.Client\ts7.Client.csproj", "{612E80DB-0E54-4CA3-8D8C-A8E6AA2411F9}"
EndProject
Project("{FAE04EC0-301F-11D3-BF4B-00C04F79EFBC}") = "ts7.Packet", "ts7.Packet\ts7.Packet.csproj", "{368FC08B-B8C3-4FDD-851B-14CB69D407FA}"
EndProject
Global
	GlobalSection(SolutionConfigurationPlatforms) = preSolution
		Debug|Any CPU = Debug|Any CPU
		Release|Any CPU = Release|Any CPU
	EndGlobalSection
	GlobalSection(ProjectConfigurationPlatforms) = postSolution
		{5AAAB955-9F77-4914-A654-C388EAC1035C}.Debug|Any CPU.ActiveCfg = Debug|Any CPU
		{5AAAB955-9F77-4914-A654-C388EAC1035C}.Debug|Any CPU.Build.0 = Debug|Any CPU
		{5AAAB955-9F77-4914-A654-C388EAC1035C}.Release|Any CPU.ActiveCfg = Release|Any CPU
		{5AAAB955-9F77-4914-A654-C388EAC1035C}.Release|Any CPU.Build.0 = Release|Any CPU
		{612E80DB-0E54-4CA3-8D8C-A8E6AA2411F9}.Debug|Any CPU.ActiveCfg = Debug|Any CPU
		{612E80DB-0E54-4CA3-8D8C-A8E6AA2411F9}.Debug|Any CPU.Build.0 = Debug|Any CPU
		{612E80DB-0E54-4CA3-8D8C-A8E6AA2411F9}.Release|Any CPU.ActiveCfg = Release|Any CPU
		{612E80DB-0E54-4CA3-8D8C-A8E6AA2411F9}.Release|Any CPU.Build.0 = Release|Any CPU
		{368FC08B-B8C3-4FDD-851B-14CB69D407FA}.Debug|Any CPU.ActiveCfg = Debug|Any CPU
		{368FC08B-B8C3-4FDD-851B-14CB69D407FA}.Debug|Any CPU.Build.0 = Debug|Any CPU
		{368FC08B-B8C3-4FDD-851B-14CB69D407FA}.Release|Any CPU.ActiveCfg = Release|Any CPU
		{368FC08B-B8C3-4FDD-851B-14CB69D407FA}.Release|Any CPU.Build.0 = Release|Any CPU
	EndGlobalSection
	GlobalSection(SolutionProperties) = preSolution
		HideSolutionNode = FALSE
	EndGlobalSection
EndGlobal
